
Microsoft Visual Studio Solution File, Format Version 12.00
# Visual Studio Version 17
VisualStudioVersion = 17.9.34728.123
MinimumVisualStudioVersion = 10.0.40219.1
Project("{9A19103F-16F7-4668-BE54-9A1E7A4F7556}") = "MilkStore.API", "MilkStore.API\MilkStore.API.csproj", "{94D7166A-47B6-4025-BE69-29C4D3768031}"
EndProject
Project("{9A19103F-16F7-4668-BE54-9A1E7A4F7556}") = "MilkStore.Domain", "MilkStore.Domain\MilkStore.Domain.csproj", "{AF3A2264-54BB-41F2-9A73-06E70E2A12EE}"
EndProject
Project("{9A19103F-16F7-4668-BE54-9A1E7A4F7556}") = "MilkStore.Repository", "MilkStore.Repository\MilkStore.Repository.csproj", "{03C49569-E681-42AC-BD4C-D85CE9FEAE0A}"
EndProject
Project("{9A19103F-16F7-4668-BE54-9A1E7A4F7556}") = "MilkStore.Service", "MilkStore.Service\MilkStore.Service.csproj", "{E50BB0C9-447B-4E92-960E-1C54D35B6102}"
EndProject
Project("{9A19103F-16F7-4668-BE54-9A1E7A4F7556}") = "MilkStore.WebApp", "MilkStore.WebApp\MilkStore.WebApp.csproj", "{FCA169EB-0390-4E08-A5B0-45428D20433E}"
EndProject
Global
	GlobalSection(SolutionConfigurationPlatforms) = preSolution
		Debug|Any CPU = Debug|Any CPU
		Release|Any CPU = Release|Any CPU
	EndGlobalSection
	GlobalSection(ProjectConfigurationPlatforms) = postSolution
		{94D7166A-47B6-4025-BE69-29C4D3768031}.Debug|Any CPU.ActiveCfg = Debug|Any CPU
		{94D7166A-47B6-4025-BE69-29C4D3768031}.Debug|Any CPU.Build.0 = Debug|Any CPU
		{94D7166A-47B6-4025-BE69-29C4D3768031}.Release|Any CPU.ActiveCfg = Release|Any CPU
		{94D7166A-47B6-4025-BE69-29C4D3768031}.Release|Any CPU.Build.0 = Release|Any CPU
		{AF3A2264-54BB-41F2-9A73-06E70E2A12EE}.Debug|Any CPU.ActiveCfg = Debug|Any CPU
		{AF3A2264-54BB-41F2-9A73-06E70E2A12EE}.Debug|Any CPU.Build.0 = Debug|Any CPU
		{AF3A2264-54BB-41F2-9A73-06E70E2A12EE}.Release|Any CPU.ActiveCfg = Release|Any CPU
		{AF3A2264-54BB-41F2-9A73-06E70E2A12EE}.Release|Any CPU.Build.0 = Release|Any CPU
		{03C49569-E681-42AC-BD4C-D85CE9FEAE0A}.Debug|Any CPU.ActiveCfg = Debug|Any CPU
		{03C49569-E681-42AC-BD4C-D85CE9FEAE0A}.Debug|Any CPU.Build.0 = Debug|Any CPU
		{03C49569-E681-42AC-BD4C-D85CE9FEAE0A}.Release|Any CPU.ActiveCfg = Release|Any CPU
		{03C49569-E681-42AC-BD4C-D85CE9FEAE0A}.Release|Any CPU.Build.0 = Release|Any CPU
		{E50BB0C9-447B-4E92-960E-1C54D35B6102}.Debug|Any CPU.ActiveCfg = Debug|Any CPU
		{E50BB0C9-447B-4E92-960E-1C54D35B6102}.Debug|Any CPU.Build.0 = Debug|Any CPU
		{E50BB0C9-447B-4E92-960E-1C54D35B6102}.Release|Any CPU.ActiveCfg = Release|Any CPU
		{E50BB0C9-447B-4E92-960E-1C54D35B6102}.Release|Any CPU.Build.0 = Release|Any CPU
		{FCA169EB-0390-4E08-A5B0-45428D20433E}.Debug|Any CPU.ActiveCfg = Debug|Any CPU
		{FCA169EB-0390-4E08-A5B0-45428D20433E}.Debug|Any CPU.Build.0 = Debug|Any CPU
		{FCA169EB-0390-4E08-A5B0-45428D20433E}.Release|Any CPU.ActiveCfg = Release|Any CPU
		{FCA169EB-0390-4E08-A5B0-45428D20433E}.Release|Any CPU.Build.0 = Release|Any CPU
	EndGlobalSection
	GlobalSection(SolutionProperties) = preSolution
		HideSolutionNode = FALSE
	EndGlobalSection
	GlobalSection(ExtensibilityGlobals) = postSolution
		SolutionGuid = {A431EBB0-7D8F-494D-9176-7B39D17E5895}
	EndGlobalSection
EndGlobal
