
Microsoft Visual Studio Solution File, Format Version 12.00
# Visual Studio Version 17
VisualStudioVersion = 17.9.34728.123
MinimumVisualStudioVersion = 10.0.40219.1
Project("{FAE04EC0-301F-11D3-BF4B-00C04F79EFBC}") = "MilkStore.API", "MilkStore.API\MilkStore.API.csproj", "{94D7166A-47B6-4025-BE69-29C4D3768031}"
EndProject
Global
	GlobalSection(SolutionConfigurationPlatforms) = preSolution
		Debug|Any CPU = Debug|Any CPU
		Release|Any CPU = Release|Any CPU
	EndGlobalSection
	GlobalSection(ProjectConfigurationPlatforms) = postSolution
		{94D7166A-47B6-4025-BE69-29C4D3768031}.Debug|Any CPU.ActiveCfg = Debug|Any CPU
		{94D7166A-47B6-4025-BE69-29C4D3768031}.Debug|Any CPU.Build.0 = Debug|Any CPU
		{94D7166A-47B6-4025-BE69-29C4D3768031}.Release|Any CPU.ActiveCfg = Release|Any CPU
		{94D7166A-47B6-4025-BE69-29C4D3768031}.Release|Any CPU.Build.0 = Release|Any CPU
	EndGlobalSection
	GlobalSection(SolutionProperties) = preSolution
		HideSolutionNode = FALSE
	EndGlobalSection
	GlobalSection(ExtensibilityGlobals) = postSolution
		SolutionGuid = {A431EBB0-7D8F-494D-9176-7B39D17E5895}
	EndGlobalSection
EndGlobal
